
Microsoft Visual Studio Solution File, Format Version 12.00
# Visual Studio Version 17
VisualStudioVersion = 17.9.34723.18
MinimumVisualStudioVersion = 10.0.40219.1
Project("{9A19103F-16F7-4668-BE54-9A1E7A4F7556}") = "Encyclopedia_Of_Laws", "Encyclopedia_Of_Laws.csproj", "{B117AED1-AB00-4A09-A5DE-0C43B14AFE2C}"
EndProject
Global
	GlobalSection(SolutionConfigurationPlatforms) = preSolution
		Debug|Any CPU = Debug|Any CPU
		Release|Any CPU = Release|Any CPU
	EndGlobalSection
	GlobalSection(ProjectConfigurationPlatforms) = postSolution
		{B117AED1-AB00-4A09-A5DE-0C43B14AFE2C}.Debug|Any CPU.ActiveCfg = Debug|Any CPU
		{B117AED1-AB00-4A09-A5DE-0C43B14AFE2C}.Debug|Any CPU.Build.0 = Debug|Any CPU
		{B117AED1-AB00-4A09-A5DE-0C43B14AFE2C}.Release|Any CPU.ActiveCfg = Release|Any CPU
		{B117AED1-AB00-4A09-A5DE-0C43B14AFE2C}.Release|Any CPU.Build.0 = Release|Any CPU
	EndGlobalSection
	GlobalSection(SolutionProperties) = preSolution
		HideSolutionNode = FALSE
	EndGlobalSection
	GlobalSection(ExtensibilityGlobals) = postSolution
		SolutionGuid = {A567E304-347C-42D1-BD26-FAE8931350B9}
	EndGlobalSection
EndGlobal
